
Microsoft Visual Studio Solution File, Format Version 12.00
# Visual Studio Version 17
VisualStudioVersion = 17.7.34018.315
MinimumVisualStudioVersion = 10.0.40219.1
Project("{FAE04EC0-301F-11D3-BF4B-00C04F79EFBC}") = "CurrencyChange", "CurrencyChange\CurrencyChange.csproj", "{A8A72626-1435-4BAA-9171-75AB774DF1DB}"
EndProject
Global
	GlobalSection(SolutionConfigurationPlatforms) = preSolution
		Debug|Any CPU = Debug|Any CPU
		Release|Any CPU = Release|Any CPU
	EndGlobalSection
	GlobalSection(ProjectConfigurationPlatforms) = postSolution
		{A8A72626-1435-4BAA-9171-75AB774DF1DB}.Debug|Any CPU.ActiveCfg = Debug|Any CPU
		{A8A72626-1435-4BAA-9171-75AB774DF1DB}.Debug|Any CPU.Build.0 = Debug|Any CPU
		{A8A72626-1435-4BAA-9171-75AB774DF1DB}.Release|Any CPU.ActiveCfg = Release|Any CPU
		{A8A72626-1435-4BAA-9171-75AB774DF1DB}.Release|Any CPU.Build.0 = Release|Any CPU
	EndGlobalSection
	GlobalSection(SolutionProperties) = preSolution
		HideSolutionNode = FALSE
	EndGlobalSection
	GlobalSection(ExtensibilityGlobals) = postSolution
		SolutionGuid = {E48D09C2-226D-4E47-8446-DC6BDF0800E7}
	EndGlobalSection
EndGlobal
